
Microsoft Visual Studio Solution File, Format Version 12.00
# Visual Studio Version 17
VisualStudioVersion = 17.1.32210.238
MinimumVisualStudioVersion = 10.0.40219.1
Project("{8BC9CEB8-8B4A-11D0-8D11-00A0C91BC942}") = "Lab10_11", "Lab10_11\Lab10_11.vcxproj", "{287AC761-343B-452A-BDCC-38C5C61E43A4}"
EndProject
Global
	GlobalSection(SolutionConfigurationPlatforms) = preSolution
		Debug|x64 = Debug|x64
		Release|x64 = Release|x64
	EndGlobalSection
	GlobalSection(ProjectConfigurationPlatforms) = postSolution
		{287AC761-343B-452A-BDCC-38C5C61E43A4}.Debug|x64.ActiveCfg = Debug|x64
		{287AC761-343B-452A-BDCC-38C5C61E43A4}.Debug|x64.Build.0 = Debug|x64
		{287AC761-343B-452A-BDCC-38C5C61E43A4}.Release|x64.ActiveCfg = Release|x64
		{287AC761-343B-452A-BDCC-38C5C61E43A4}.Release|x64.Build.0 = Release|x64
	EndGlobalSection
	GlobalSection(SolutionProperties) = preSolution
		HideSolutionNode = FALSE
	EndGlobalSection
	GlobalSection(ExtensibilityGlobals) = postSolution
		SolutionGuid = {E69EAED8-ECD9-4D56-9C52-5C1373D7DFCB}
	EndGlobalSection
EndGlobal
